
Microsoft Visual Studio Solution File, Format Version 12.00
# Visual Studio 15
VisualStudioVersion = 15.0.25807.0
MinimumVisualStudioVersion = 10.0.40219.1
Project("{2150E333-8FDC-42A3-9474-1A3956D46DE8}") = "Engine", "Engine", "{173454D7-F613-4118-A18C-2762CC59A71A}"
EndProject
Project("{2150E333-8FDC-42A3-9474-1A3956D46DE8}") = "Games", "Games", "{506C6C65-EA94-4203-8601-FEFD355D0DAE}"
EndProject
Project("{8BC9CEB8-8B4A-11D0-8D11-00A0C91BC942}") = "shader_c", "Intermediate\ProjectFiles\shader_c.vcxproj", "{93DF82E1-79DF-45AC-BB7C-C5B85541D4FB}"
EndProject
Project("{8BC9CEB8-8B4A-11D0-8D11-00A0C91BC942}") = "UE4", "Intermediate\ProjectFiles\UE4.vcxproj", "{179D4182-ED99-4EA7-898E-6D6E030265E4}"
EndProject
Project("{2150E333-8FDC-42A3-9474-1A3956D46DE8}") = "Visualizers", "Visualizers", "{9AE59272-B984-472C-8FF6-4104F17FE391}"
	ProjectSection(SolutionItems) = preProject
		..\UE_4.24\Engine\Extras\VisualStudioDebugging\UE4.natvis = ..\UE_4.24\Engine\Extras\VisualStudioDebugging\UE4.natvis
	EndProjectSection
EndProject
Global
	GlobalSection(SolutionConfigurationPlatforms) = preSolution
		DebugGame Editor|IOS = DebugGame Editor|IOS
		DebugGame Editor|Win32 = DebugGame Editor|Win32
		DebugGame Editor|Win64 = DebugGame Editor|Win64
		DebugGame|IOS = DebugGame|IOS
		DebugGame|Win32 = DebugGame|Win32
		DebugGame|Win64 = DebugGame|Win64
		Development Editor|IOS = Development Editor|IOS
		Development Editor|Win32 = Development Editor|Win32
		Development Editor|Win64 = Development Editor|Win64
		Development|IOS = Development|IOS
		Development|Win32 = Development|Win32
		Development|Win64 = Development|Win64
		Shipping|IOS = Shipping|IOS
		Shipping|Win32 = Shipping|Win32
		Shipping|Win64 = Shipping|Win64
	EndGlobalSection
	GlobalSection(ProjectConfigurationPlatforms) = postSolution
		{93DF82E1-79DF-45AC-BB7C-C5B85541D4FB}.DebugGame Editor|IOS.ActiveCfg = Invalid|Win32
		{93DF82E1-79DF-45AC-BB7C-C5B85541D4FB}.DebugGame Editor|Win32.ActiveCfg = Invalid|Win32
		{93DF82E1-79DF-45AC-BB7C-C5B85541D4FB}.DebugGame Editor|Win64.ActiveCfg = DebugGame_Editor|x64
		{93DF82E1-79DF-45AC-BB7C-C5B85541D4FB}.DebugGame Editor|Win64.Build.0 = DebugGame_Editor|x64
		{93DF82E1-79DF-45AC-BB7C-C5B85541D4FB}.DebugGame|IOS.ActiveCfg = IOS_DebugGame|Win32
		{93DF82E1-79DF-45AC-BB7C-C5B85541D4FB}.DebugGame|IOS.Build.0 = IOS_DebugGame|Win32
		{93DF82E1-79DF-45AC-BB7C-C5B85541D4FB}.DebugGame|Win32.ActiveCfg = DebugGame|Win32
		{93DF82E1-79DF-45AC-BB7C-C5B85541D4FB}.DebugGame|Win32.Build.0 = DebugGame|Win32
		{93DF82E1-79DF-45AC-BB7C-C5B85541D4FB}.DebugGame|Win64.ActiveCfg = DebugGame|x64
		{93DF82E1-79DF-45AC-BB7C-C5B85541D4FB}.DebugGame|Win64.Build.0 = DebugGame|x64
		{93DF82E1-79DF-45AC-BB7C-C5B85541D4FB}.Development Editor|IOS.ActiveCfg = Invalid|Win32
		{93DF82E1-79DF-45AC-BB7C-C5B85541D4FB}.Development Editor|Win32.ActiveCfg = Invalid|Win32
		{93DF82E1-79DF-45AC-BB7C-C5B85541D4FB}.Development Editor|Win64.ActiveCfg = Development_Editor|x64
		{93DF82E1-79DF-45AC-BB7C-C5B85541D4FB}.Development Editor|Win64.Build.0 = Development_Editor|x64
		{93DF82E1-79DF-45AC-BB7C-C5B85541D4FB}.Development|IOS.ActiveCfg = IOS_Development|Win32
		{93DF82E1-79DF-45AC-BB7C-C5B85541D4FB}.Development|IOS.Build.0 = IOS_Development|Win32
		{93DF82E1-79DF-45AC-BB7C-C5B85541D4FB}.Development|Win32.ActiveCfg = Development|Win32
		{93DF82E1-79DF-45AC-BB7C-C5B85541D4FB}.Development|Win32.Build.0 = Development|Win32
		{93DF82E1-79DF-45AC-BB7C-C5B85541D4FB}.Development|Win64.ActiveCfg = Development|x64
		{93DF82E1-79DF-45AC-BB7C-C5B85541D4FB}.Development|Win64.Build.0 = Development|x64
		{93DF82E1-79DF-45AC-BB7C-C5B85541D4FB}.Shipping|IOS.ActiveCfg = IOS_Shipping|Win32
		{93DF82E1-79DF-45AC-BB7C-C5B85541D4FB}.Shipping|IOS.Build.0 = IOS_Shipping|Win32
		{93DF82E1-79DF-45AC-BB7C-C5B85541D4FB}.Shipping|Win32.ActiveCfg = Shipping|Win32
		{93DF82E1-79DF-45AC-BB7C-C5B85541D4FB}.Shipping|Win32.Build.0 = Shipping|Win32
		{93DF82E1-79DF-45AC-BB7C-C5B85541D4FB}.Shipping|Win64.ActiveCfg = Shipping|x64
		{93DF82E1-79DF-45AC-BB7C-C5B85541D4FB}.Shipping|Win64.Build.0 = Shipping|x64
		{179D4182-ED99-4EA7-898E-6D6E030265E4}.DebugGame Editor|IOS.ActiveCfg = BuiltWithUnrealBuildTool|Win32
		{179D4182-ED99-4EA7-898E-6D6E030265E4}.DebugGame Editor|Win32.ActiveCfg = BuiltWithUnrealBuildTool|Win32
		{179D4182-ED99-4EA7-898E-6D6E030265E4}.DebugGame Editor|Win64.ActiveCfg = BuiltWithUnrealBuildTool|Win32
		{179D4182-ED99-4EA7-898E-6D6E030265E4}.DebugGame|IOS.ActiveCfg = BuiltWithUnrealBuildTool|Win32
		{179D4182-ED99-4EA7-898E-6D6E030265E4}.DebugGame|Win32.ActiveCfg = BuiltWithUnrealBuildTool|Win32
		{179D4182-ED99-4EA7-898E-6D6E030265E4}.DebugGame|Win64.ActiveCfg = BuiltWithUnrealBuildTool|Win32
		{179D4182-ED99-4EA7-898E-6D6E030265E4}.Development Editor|IOS.ActiveCfg = BuiltWithUnrealBuildTool|Win32
		{179D4182-ED99-4EA7-898E-6D6E030265E4}.Development Editor|Win32.ActiveCfg = BuiltWithUnrealBuildTool|Win32
		{179D4182-ED99-4EA7-898E-6D6E030265E4}.Development Editor|Win64.ActiveCfg = BuiltWithUnrealBuildTool|Win32
		{179D4182-ED99-4EA7-898E-6D6E030265E4}.Development|IOS.ActiveCfg = BuiltWithUnrealBuildTool|Win32
		{179D4182-ED99-4EA7-898E-6D6E030265E4}.Development|Win32.ActiveCfg = BuiltWithUnrealBuildTool|Win32
		{179D4182-ED99-4EA7-898E-6D6E030265E4}.Development|Win64.ActiveCfg = BuiltWithUnrealBuildTool|Win32
		{179D4182-ED99-4EA7-898E-6D6E030265E4}.Shipping|IOS.ActiveCfg = BuiltWithUnrealBuildTool|Win32
		{179D4182-ED99-4EA7-898E-6D6E030265E4}.Shipping|Win32.ActiveCfg = BuiltWithUnrealBuildTool|Win32
		{179D4182-ED99-4EA7-898E-6D6E030265E4}.Shipping|Win64.ActiveCfg = BuiltWithUnrealBuildTool|Win32
	EndGlobalSection
	GlobalSection(SolutionProperties) = preSolution
		HideSolutionNode = FALSE
	EndGlobalSection
	GlobalSection(NestedProjects) = preSolution
		{179D4182-ED99-4EA7-898E-6D6E030265E4} = {173454D7-F613-4118-A18C-2762CC59A71A}
		{93DF82E1-79DF-45AC-BB7C-C5B85541D4FB} = {506C6C65-EA94-4203-8601-FEFD355D0DAE}
	EndGlobalSection
EndGlobal
